
Microsoft Visual Studio Solution File, Format Version 12.00
Project("{FAE04EC0-301F-11D3-BF4B-00C04F79EFBC}") = "WPFApp", "WPFApp\WPFApp.csproj", "{3C4BB724-1ECA-4AFD-B3BA-70E048B72E8C}"
EndProject
Project("{FAE04EC0-301F-11D3-BF4B-00C04F79EFBC}") = "Core", "Core\Core.csproj", "{34016AB1-B3E0-4F42-8CF7-E51F716A702B}"
EndProject
Global
	GlobalSection(SolutionConfigurationPlatforms) = preSolution
		Debug|Any CPU = Debug|Any CPU
		Release|Any CPU = Release|Any CPU
	EndGlobalSection
	GlobalSection(ProjectConfigurationPlatforms) = postSolution
		{3C4BB724-1ECA-4AFD-B3BA-70E048B72E8C}.Debug|Any CPU.ActiveCfg = Debug|Any CPU
		{3C4BB724-1ECA-4AFD-B3BA-70E048B72E8C}.Debug|Any CPU.Build.0 = Debug|Any CPU
		{3C4BB724-1ECA-4AFD-B3BA-70E048B72E8C}.Release|Any CPU.ActiveCfg = Release|Any CPU
		{3C4BB724-1ECA-4AFD-B3BA-70E048B72E8C}.Release|Any CPU.Build.0 = Release|Any CPU
		{34016AB1-B3E0-4F42-8CF7-E51F716A702B}.Debug|Any CPU.ActiveCfg = Debug|Any CPU
		{34016AB1-B3E0-4F42-8CF7-E51F716A702B}.Debug|Any CPU.Build.0 = Debug|Any CPU
		{34016AB1-B3E0-4F42-8CF7-E51F716A702B}.Release|Any CPU.ActiveCfg = Release|Any CPU
		{34016AB1-B3E0-4F42-8CF7-E51F716A702B}.Release|Any CPU.Build.0 = Release|Any CPU
	EndGlobalSection
EndGlobal
